// !$*UTF8*$!
{
	archiveVersion = 1;
	classes = {
	};
	objectVersion = 77;
	objects = {

/* Begin PBXBuildFile section */
		296C41EF2E3F5888003C794D /* AppDelegate.swift in Sources */ = {isa = PBXBuildFile; fileRef = 296C41EE2E3F5888003C794D /* AppDelegate.swift */; };
		296C41F12E3F5888003C794D /* SceneDelegate.swift in Sources */ = {isa = PBXBuildFile; fileRef = 296C41F02E3F5888003C794D /* SceneDelegate.swift */; };
		296C41F42E3F5888003C794D /* LaunchScreen.storyboard in Resources */ = {isa = PBXBuildFile; fileRef = 296C41F22E3F5888003C794D /* LaunchScreen.storyboard */; };
		296C41F72E3F5888003C794D /* Main.storyboard in Resources */ = {isa = PBXBuildFile; fileRef = 296C41F52E3F5888003C794D /* Main.storyboard */; };
		296C42002E3F5888003C794D /* AppDelegate.swift in Sources */ = {isa = PBXBuildFile; fileRef = 296C41FF2E3F5888003C794D /* AppDelegate.swift */; };
		296C42032E3F5888003C794D /* Main.storyboard in Resources */ = {isa = PBXBuildFile; fileRef = 296C42012E3F5888003C794D /* Main.storyboard */; };
		296C420B2E3F5888003C794D /* anno Extension.appex in Embed Foundation Extensions */ = {isa = PBXBuildFile; fileRef = 296C420A2E3F5888003C794D /* anno Extension.appex */; settings = {ATTRIBUTES = (RemoveHeadersOnCopy, ); }; };
		296C42152E3F5888003C794D /* anno Extension.appex in Embed Foundation Extensions */ = {isa = PBXBuildFile; fileRef = 296C42142E3F5888003C794D /* anno Extension.appex */; settings = {ATTRIBUTES = (RemoveHeadersOnCopy, ); }; };
		296C421B2E3F5888003C794D /* Main.html in Resources */ = {isa = PBXBuildFile; fileRef = 296C41DE2E3F5887003C794D /* Main.html */; };
		296C421C2E3F5888003C794D /* Main.html in Resources */ = {isa = PBXBuildFile; fileRef = 296C41DE2E3F5887003C794D /* Main.html */; };
		296C421D2E3F5888003C794D /* Icon.png in Resources */ = {isa = PBXBuildFile; fileRef = 296C41E02E3F5887003C794D /* Icon.png */; };
		296C421E2E3F5888003C794D /* Icon.png in Resources */ = {isa = PBXBuildFile; fileRef = 296C41E02E3F5887003C794D /* Icon.png */; };
		296C421F2E3F5888003C794D /* Style.css in Resources */ = {isa = PBXBuildFile; fileRef = 296C41E12E3F5887003C794D /* Style.css */; };
		296C42202E3F5888003C794D /* Style.css in Resources */ = {isa = PBXBuildFile; fileRef = 296C41E12E3F5887003C794D /* Style.css */; };
		296C42212E3F5888003C794D /* Script.js in Resources */ = {isa = PBXBuildFile; fileRef = 296C41E22E3F5887003C794D /* Script.js */; };
		296C42222E3F5888003C794D /* Script.js in Resources */ = {isa = PBXBuildFile; fileRef = 296C41E22E3F5887003C794D /* Script.js */; };
		296C42232E3F5888003C794D /* ViewController.swift in Sources */ = {isa = PBXBuildFile; fileRef = 296C41E32E3F5887003C794D /* ViewController.swift */; };
		296C42242E3F5888003C794D /* ViewController.swift in Sources */ = {isa = PBXBuildFile; fileRef = 296C41E32E3F5887003C794D /* ViewController.swift */; };
		296C42252E3F5888003C794D /* Assets.xcassets in Resources */ = {isa = PBXBuildFile; fileRef = 296C41E42E3F5888003C794D /* Assets.xcassets */; };
		296C42262E3F5888003C794D /* Assets.xcassets in Resources */ = {isa = PBXBuildFile; fileRef = 296C41E42E3F5888003C794D /* Assets.xcassets */; };
		296C42272E3F5888003C794D /* SafariWebExtensionHandler.swift in Sources */ = {isa = PBXBuildFile; fileRef = 296C41E62E3F5888003C794D /* SafariWebExtensionHandler.swift */; };
		296C42282E3F5888003C794D /* SafariWebExtensionHandler.swift in Sources */ = {isa = PBXBuildFile; fileRef = 296C41E62E3F5888003C794D /* SafariWebExtensionHandler.swift */; };
		296C42512E3F5888003C794D /* gyanno.js in Resources */ = {isa = PBXBuildFile; fileRef = 296C423A2E3F5888003C794D /* gyanno.js */; };
		296C42522E3F5888003C794D /* popup.js in Resources */ = {isa = PBXBuildFile; fileRef = 296C423C2E3F5888003C794D /* popup.js */; };
		296C42532E3F5888003C794D /* background.js in Resources */ = {isa = PBXBuildFile; fileRef = 296C423E2E3F5888003C794D /* background.js */; };
		296C42542E3F5888003C794D /* popup.html in Resources */ = {isa = PBXBuildFile; fileRef = 296C42402E3F5888003C794D /* popup.html */; };
		296C42552E3F5888003C794D /* annotation.js in Resources */ = {isa = PBXBuildFile; fileRef = 296C42412E3F5888003C794D /* annotation.js */; };
		296C42562E3F5888003C794D /* options.js in Resources */ = {isa = PBXBuildFile; fileRef = 296C42422E3F5888003C794D /* options.js */; };
		296C42572E3F5888003C794D /* anno-1024.png in Resources */ = {isa = PBXBuildFile; fileRef = 296C42462E3F5888003C794D /* anno-1024.png */; };
		296C42582E3F5888003C794D /* manifest.json in Resources */ = {isa = PBXBuildFile; fileRef = 296C42472E3F5888003C794D /* manifest.json */; };
		296C42592E3F5888003C794D /* scrapboxContent.js in Resources */ = {isa = PBXBuildFile; fileRef = 296C42482E3F5888003C794D /* scrapboxContent.js */; };
		296C425A2E3F5888003C794D /* options.html in Resources */ = {isa = PBXBuildFile; fileRef = 296C42492E3F5888003C794D /* options.html */; };
		296C425B2E3F5888003C794D /* content.js in Resources */ = {isa = PBXBuildFile; fileRef = 296C424A2E3F5888003C794D /* content.js */; };
		296C425C2E3F5888003C794D /* scrapboxUserScript.js in Resources */ = {isa = PBXBuildFile; fileRef = 296C424C2E3F5888003C794D /* scrapboxUserScript.js */; };
		296C425D2E3F5888003C794D /* anno.png in Resources */ = {isa = PBXBuildFile; fileRef = 296C424D2E3F5888003C794D /* anno.png */; };
		296C425E2E3F5888003C794D /* anno-512.png in Resources */ = {isa = PBXBuildFile; fileRef = 296C424F2E3F5888003C794D /* anno-512.png */; };
		296C425F2E3F5888003C794D /* annotation.html in Resources */ = {isa = PBXBuildFile; fileRef = 296C42502E3F5888003C794D /* annotation.html */; };
		296C42602E3F5888003C794D /* gyanno.js in Resources */ = {isa = PBXBuildFile; fileRef = 296C423A2E3F5888003C794D /* gyanno.js */; };
		296C42612E3F5888003C794D /* popup.js in Resources */ = {isa = PBXBuildFile; fileRef = 296C423C2E3F5888003C794D /* popup.js */; };
		296C42622E3F5888003C794D /* background.js in Resources */ = {isa = PBXBuildFile; fileRef = 296C423E2E3F5888003C794D /* background.js */; };
		296C42632E3F5888003C794D /* popup.html in Resources */ = {isa = PBXBuildFile; fileRef = 296C42402E3F5888003C794D /* popup.html */; };
		296C42642E3F5888003C794D /* annotation.js in Resources */ = {isa = PBXBuildFile; fileRef = 296C42412E3F5888003C794D /* annotation.js */; };
		296C42652E3F5888003C794D /* options.js in Resources */ = {isa = PBXBuildFile; fileRef = 296C42422E3F5888003C794D /* options.js */; };
		296C42662E3F5888003C794D /* anno-1024.png in Resources */ = {isa = PBXBuildFile; fileRef = 296C42462E3F5888003C794D /* anno-1024.png */; };
		296C42672E3F5888003C794D /* manifest.json in Resources */ = {isa = PBXBuildFile; fileRef = 296C42472E3F5888003C794D /* manifest.json */; };
		296C42682E3F5888003C794D /* scrapboxContent.js in Resources */ = {isa = PBXBuildFile; fileRef = 296C42482E3F5888003C794D /* scrapboxContent.js */; };
		296C42692E3F5888003C794D /* options.html in Resources */ = {isa = PBXBuildFile; fileRef = 296C42492E3F5888003C794D /* options.html */; };
		296C426A2E3F5888003C794D /* content.js in Resources */ = {isa = PBXBuildFile; fileRef = 296C424A2E3F5888003C794D /* content.js */; };
		296C426B2E3F5888003C794D /* scrapboxUserScript.js in Resources */ = {isa = PBXBuildFile; fileRef = 296C424C2E3F5888003C794D /* scrapboxUserScript.js */; };
		296C426C2E3F5888003C794D /* anno.png in Resources */ = {isa = PBXBuildFile; fileRef = 296C424D2E3F5888003C794D /* anno.png */; };
		296C426D2E3F5888003C794D /* anno-512.png in Resources */ = {isa = PBXBuildFile; fileRef = 296C424F2E3F5888003C794D /* anno-512.png */; };
		296C426E2E3F5888003C794D /* annotation.html in Resources */ = {isa = PBXBuildFile; fileRef = 296C42502E3F5888003C794D /* annotation.html */; };
/* End PBXBuildFile section */

/* Begin PBXContainerItemProxy section */
		296C420C2E3F5888003C794D /* PBXContainerItemProxy */ = {
			isa = PBXContainerItemProxy;
			containerPortal = 296C41D82E3F5887003C794D /* Project object */;
			proxyType = 1;
			remoteGlobalIDString = 296C42092E3F5888003C794D;
			remoteInfo = "anno Extension (iOS)";
		};
		296C42162E3F5888003C794D /* PBXContainerItemProxy */ = {
			isa = PBXContainerItemProxy;
			containerPortal = 296C41D82E3F5887003C794D /* Project object */;
			proxyType = 1;
			remoteGlobalIDString = 296C42132E3F5888003C794D;
			remoteInfo = "anno Extension (macOS)";
		};
/* End PBXContainerItemProxy section */

/* Begin PBXCopyFilesBuildPhase section */
		296C422E2E3F5888003C794D /* Embed Foundation Extensions */ = {
			isa = PBXCopyFilesBuildPhase;
			buildActionMask = 2147483647;
			dstPath = "";
			dstSubfolderSpec = 13;
			files = (
				296C420B2E3F5888003C794D /* anno Extension.appex in Embed Foundation Extensions */,
			);
			name = "Embed Foundation Extensions";
			runOnlyForDeploymentPostprocessing = 0;
		};
		296C42352E3F5888003C794D /* Embed Foundation Extensions */ = {
			isa = PBXCopyFilesBuildPhase;
			buildActionMask = 2147483647;
			dstPath = "";
			dstSubfolderSpec = 13;
			files = (
				296C42152E3F5888003C794D /* anno Extension.appex in Embed Foundation Extensions */,
			);
			name = "Embed Foundation Extensions";
			runOnlyForDeploymentPostprocessing = 0;
		};
/* End PBXCopyFilesBuildPhase section */

/* Begin PBXFileReference section */
		296C41DF2E3F5887003C794D /* Base */ = {isa = PBXFileReference; lastKnownFileType = text.html; name = Base; path = Base.lproj/Main.html; sourceTree = "<group>"; };
		296C41E02E3F5887003C794D /* Icon.png */ = {isa = PBXFileReference; lastKnownFileType = image.png; path = Icon.png; sourceTree = "<group>"; };
		296C41E12E3F5887003C794D /* Style.css */ = {isa = PBXFileReference; lastKnownFileType = text.css; path = Style.css; sourceTree = "<group>"; };
		296C41E22E3F5887003C794D /* Script.js */ = {isa = PBXFileReference; lastKnownFileType = sourcecode.javascript; path = Script.js; sourceTree = "<group>"; };
		296C41E32E3F5887003C794D /* ViewController.swift */ = {isa = PBXFileReference; lastKnownFileType = sourcecode.swift; path = ViewController.swift; sourceTree = "<group>"; };
		296C41E42E3F5888003C794D /* Assets.xcassets */ = {isa = PBXFileReference; lastKnownFileType = folder.assetcatalog; path = Assets.xcassets; sourceTree = "<group>"; };
		296C41E62E3F5888003C794D /* SafariWebExtensionHandler.swift */ = {isa = PBXFileReference; lastKnownFileType = sourcecode.swift; path = SafariWebExtensionHandler.swift; sourceTree = "<group>"; };
		296C41EB2E3F5888003C794D /* anno.app */ = {isa = PBXFileReference; explicitFileType = wrapper.application; includeInIndex = 0; path = anno.app; sourceTree = BUILT_PRODUCTS_DIR; };
		296C41EE2E3F5888003C794D /* AppDelegate.swift */ = {isa = PBXFileReference; lastKnownFileType = sourcecode.swift; path = AppDelegate.swift; sourceTree = "<group>"; };
		296C41F02E3F5888003C794D /* SceneDelegate.swift */ = {isa = PBXFileReference; lastKnownFileType = sourcecode.swift; path = SceneDelegate.swift; sourceTree = "<group>"; };
		296C41F32E3F5888003C794D /* Base */ = {isa = PBXFileReference; lastKnownFileType = file.storyboard; name = Base; path = Base.lproj/LaunchScreen.storyboard; sourceTree = "<group>"; };
		296C41F62E3F5888003C794D /* Base */ = {isa = PBXFileReference; lastKnownFileType = file.storyboard; name = Base; path = Base.lproj/Main.storyboard; sourceTree = "<group>"; };
		296C41F82E3F5888003C794D /* Info.plist */ = {isa = PBXFileReference; lastKnownFileType = text.plist.xml; path = Info.plist; sourceTree = "<group>"; };
		296C41FD2E3F5888003C794D /* anno.app */ = {isa = PBXFileReference; explicitFileType = wrapper.application; includeInIndex = 0; path = anno.app; sourceTree = BUILT_PRODUCTS_DIR; };
		296C41FF2E3F5888003C794D /* AppDelegate.swift */ = {isa = PBXFileReference; lastKnownFileType = sourcecode.swift; path = AppDelegate.swift; sourceTree = "<group>"; };
		296C42022E3F5888003C794D /* Base */ = {isa = PBXFileReference; lastKnownFileType = file.storyboard; name = Base; path = Base.lproj/Main.storyboard; sourceTree = "<group>"; };
		296C42042E3F5888003C794D /* Info.plist */ = {isa = PBXFileReference; lastKnownFileType = text.plist.xml; path = Info.plist; sourceTree = "<group>"; };
		296C42052E3F5888003C794D /* anno.entitlements */ = {isa = PBXFileReference; lastKnownFileType = text.plist.entitlements; path = anno.entitlements; sourceTree = "<group>"; };
		296C420A2E3F5888003C794D /* anno Extension.appex */ = {isa = PBXFileReference; explicitFileType = "wrapper.app-extension"; includeInIndex = 0; path = "anno Extension.appex"; sourceTree = BUILT_PRODUCTS_DIR; };
		296C420F2E3F5888003C794D /* Info.plist */ = {isa = PBXFileReference; lastKnownFileType = text.plist.xml; path = Info.plist; sourceTree = "<group>"; };
		296C42142E3F5888003C794D /* anno Extension.appex */ = {isa = PBXFileReference; explicitFileType = "wrapper.app-extension"; includeInIndex = 0; path = "anno Extension.appex"; sourceTree = BUILT_PRODUCTS_DIR; };
		296C42192E3F5888003C794D /* Info.plist */ = {isa = PBXFileReference; lastKnownFileType = text.plist.xml; path = Info.plist; sourceTree = "<group>"; };
		296C421A2E3F5888003C794D /* anno.entitlements */ = {isa = PBXFileReference; lastKnownFileType = text.plist.entitlements; path = anno.entitlements; sourceTree = "<group>"; };
		296C423A2E3F5888003C794D /* gyanno.js */ = {isa = PBXFileReference; lastKnownFileType = sourcecode.javascript; name = gyanno.js; path = ../../dist/gyanno.js; sourceTree = "<group>"; };
		296C423B2E3F5888003C794D /* gyanno.js.map */ = {isa = PBXFileReference; lastKnownFileType = "sourcecode.module-map"; name = gyanno.js.map; path = ../../dist/gyanno.js.map; sourceTree = "<group>"; };
		296C423C2E3F5888003C794D /* popup.js */ = {isa = PBXFileReference; lastKnownFileType = sourcecode.javascript; name = popup.js; path = ../../dist/popup.js; sourceTree = "<group>"; };
		296C423D2E3F5888003C794D /* popup.js.map */ = {isa = PBXFileReference; lastKnownFileType = "sourcecode.module-map"; name = popup.js.map; path = ../../dist/popup.js.map; sourceTree = "<group>"; };
		296C423E2E3F5888003C794D /* background.js */ = {isa = PBXFileReference; lastKnownFileType = sourcecode.javascript; name = background.js; path = ../../dist/background.js; sourceTree = "<group>"; };
		296C423F2E3F5888003C794D /* scrapboxUserScript.js.map */ = {isa = PBXFileReference; lastKnownFileType = "sourcecode.module-map"; name = scrapboxUserScript.js.map; path = ../../dist/scrapboxUserScript.js.map; sourceTree = "<group>"; };
		296C42402E3F5888003C794D /* popup.html */ = {isa = PBXFileReference; lastKnownFileType = text.html; name = popup.html; path = ../../dist/popup.html; sourceTree = "<group>"; };
		296C42412E3F5888003C794D /* annotation.js */ = {isa = PBXFileReference; lastKnownFileType = sourcecode.javascript; name = annotation.js; path = ../../dist/annotation.js; sourceTree = "<group>"; };
		296C42422E3F5888003C794D /* options.js */ = {isa = PBXFileReference; lastKnownFileType = sourcecode.javascript; name = options.js; path = ../../dist/options.js; sourceTree = "<group>"; };
		296C42432E3F5888003C794D /* scrapboxContent.js.map */ = {isa = PBXFileReference; lastKnownFileType = "sourcecode.module-map"; name = scrapboxContent.js.map; path = ../../dist/scrapboxContent.js.map; sourceTree = "<group>"; };
		296C42442E3F5888003C794D /* options.js.map */ = {isa = PBXFileReference; lastKnownFileType = "sourcecode.module-map"; name = options.js.map; path = ../../dist/options.js.map; sourceTree = "<group>"; };
		296C42452E3F5888003C794D /* content.js.map */ = {isa = PBXFileReference; lastKnownFileType = "sourcecode.module-map"; name = content.js.map; path = ../../dist/content.js.map; sourceTree = "<group>"; };
		296C42462E3F5888003C794D /* anno-1024.png */ = {isa = PBXFileReference; lastKnownFileType = image.png; name = "anno-1024.png"; path = "../../dist/anno-1024.png"; sourceTree = "<group>"; };
		296C42472E3F5888003C794D /* manifest.json */ = {isa = PBXFileReference; lastKnownFileType = text.json; name = manifest.json; path = ../../dist/manifest.json; sourceTree = "<group>"; };
		296C42482E3F5888003C794D /* scrapboxContent.js */ = {isa = PBXFileReference; lastKnownFileType = sourcecode.javascript; name = scrapboxContent.js; path = ../../dist/scrapboxContent.js; sourceTree = "<group>"; };
		296C42492E3F5888003C794D /* options.html */ = {isa = PBXFileReference; lastKnownFileType = text.html; name = options.html; path = ../../dist/options.html; sourceTree = "<group>"; };
		296C424A2E3F5888003C794D /* content.js */ = {isa = PBXFileReference; lastKnownFileType = sourcecode.javascript; name = content.js; path = ../../dist/content.js; sourceTree = "<group>"; };
		296C424B2E3F5888003C794D /* background.js.map */ = {isa = PBXFileReference; lastKnownFileType = "sourcecode.module-map"; name = background.js.map; path = ../../dist/background.js.map; sourceTree = "<group>"; };
		296C424C2E3F5888003C794D /* scrapboxUserScript.js */ = {isa = PBXFileReference; lastKnownFileType = sourcecode.javascript; name = scrapboxUserScript.js; path = ../../dist/scrapboxUserScript.js; sourceTree = "<group>"; };
		296C424D2E3F5888003C794D /* anno.png */ = {isa = PBXFileReference; lastKnownFileType = image.png; name = anno.png; path = ../../dist/anno.png; sourceTree = "<group>"; };
		296C424E2E3F5888003C794D /* annotation.js.map */ = {isa = PBXFileReference; lastKnownFileType = "sourcecode.module-map"; name = annotation.js.map; path = ../../dist/annotation.js.map; sourceTree = "<group>"; };
		296C424F2E3F5888003C794D /* anno-512.png */ = {isa = PBXFileReference; lastKnownFileType = image.png; name = "anno-512.png"; path = "../../dist/anno-512.png"; sourceTree = "<group>"; };
		296C42502E3F5888003C794D /* annotation.html */ = {isa = PBXFileReference; lastKnownFileType = text.html; name = annotation.html; path = ../../dist/annotation.html; sourceTree = "<group>"; };
/* End PBXFileReference section */

/* Begin PBXFrameworksBuildPhase section */
		296C41E82E3F5888003C794D /* Frameworks */ = {
			isa = PBXFrameworksBuildPhase;
			buildActionMask = 2147483647;
			files = (
			);
			runOnlyForDeploymentPostprocessing = 0;
		};
		296C41FA2E3F5888003C794D /* Frameworks */ = {
			isa = PBXFrameworksBuildPhase;
			buildActionMask = 2147483647;
			files = (
			);
			runOnlyForDeploymentPostprocessing = 0;
		};
		296C42072E3F5888003C794D /* Frameworks */ = {
			isa = PBXFrameworksBuildPhase;
			buildActionMask = 2147483647;
			files = (
			);
			runOnlyForDeploymentPostprocessing = 0;
		};
		296C42112E3F5888003C794D /* Frameworks */ = {
			isa = PBXFrameworksBuildPhase;
			buildActionMask = 2147483647;
			files = (
			);
			runOnlyForDeploymentPostprocessing = 0;
		};
/* End PBXFrameworksBuildPhase section */

/* Begin PBXGroup section */
		296C41D72E3F5887003C794D = {
			isa = PBXGroup;
			children = (
				296C41DC2E3F5887003C794D /* Shared (App) */,
				296C41E52E3F5888003C794D /* Shared (Extension) */,
				296C41ED2E3F5888003C794D /* iOS (App) */,
				296C41FE2E3F5888003C794D /* macOS (App) */,
				296C420E2E3F5888003C794D /* iOS (Extension) */,
				296C42182E3F5888003C794D /* macOS (Extension) */,
				296C41EC2E3F5888003C794D /* Products */,
			);
			sourceTree = "<group>";
		};
		296C41DC2E3F5887003C794D /* Shared (App) */ = {
			isa = PBXGroup;
			children = (
				296C41E32E3F5887003C794D /* ViewController.swift */,
				296C41E42E3F5888003C794D /* Assets.xcassets */,
				296C41DD2E3F5887003C794D /* Resources */,
			);
			path = "Shared (App)";
			sourceTree = "<group>";
		};
		296C41DD2E3F5887003C794D /* Resources */ = {
			isa = PBXGroup;
			children = (
				296C41DE2E3F5887003C794D /* Main.html */,
				296C41E02E3F5887003C794D /* Icon.png */,
				296C41E12E3F5887003C794D /* Style.css */,
				296C41E22E3F5887003C794D /* Script.js */,
			);
			path = Resources;
			sourceTree = "<group>";
		};
		296C41E52E3F5888003C794D /* Shared (Extension) */ = {
			isa = PBXGroup;
			children = (
				296C42392E3F5888003C794D /* Resources */,
				296C41E62E3F5888003C794D /* SafariWebExtensionHandler.swift */,
			);
			path = "Shared (Extension)";
			sourceTree = "<group>";
		};
		296C41EC2E3F5888003C794D /* Products */ = {
			isa = PBXGroup;
			children = (
				296C41EB2E3F5888003C794D /* anno.app */,
				296C41FD2E3F5888003C794D /* anno.app */,
				296C420A2E3F5888003C794D /* anno Extension.appex */,
				296C42142E3F5888003C794D /* anno Extension.appex */,
			);
			name = Products;
			sourceTree = "<group>";
		};
		296C41ED2E3F5888003C794D /* iOS (App) */ = {
			isa = PBXGroup;
			children = (
				296C41EE2E3F5888003C794D /* AppDelegate.swift */,
				296C41F02E3F5888003C794D /* SceneDelegate.swift */,
				296C41F22E3F5888003C794D /* LaunchScreen.storyboard */,
				296C41F52E3F5888003C794D /* Main.storyboard */,
				296C41F82E3F5888003C794D /* Info.plist */,
			);
			path = "iOS (App)";
			sourceTree = "<group>";
		};
		296C41FE2E3F5888003C794D /* macOS (App) */ = {
			isa = PBXGroup;
			children = (
				296C41FF2E3F5888003C794D /* AppDelegate.swift */,
				296C42012E3F5888003C794D /* Main.storyboard */,
				296C42042E3F5888003C794D /* Info.plist */,
				296C42052E3F5888003C794D /* anno.entitlements */,
			);
			path = "macOS (App)";
			sourceTree = "<group>";
		};
		296C420E2E3F5888003C794D /* iOS (Extension) */ = {
			isa = PBXGroup;
			children = (
				296C420F2E3F5888003C794D /* Info.plist */,
			);
			path = "iOS (Extension)";
			sourceTree = "<group>";
		};
		296C42182E3F5888003C794D /* macOS (Extension) */ = {
			isa = PBXGroup;
			children = (
				296C42192E3F5888003C794D /* Info.plist */,
				296C421A2E3F5888003C794D /* anno.entitlements */,
			);
			path = "macOS (Extension)";
			sourceTree = "<group>";
		};
		296C42392E3F5888003C794D /* Resources */ = {
			isa = PBXGroup;
			children = (
				296C423A2E3F5888003C794D /* gyanno.js */,
				296C423B2E3F5888003C794D /* gyanno.js.map */,
				296C423C2E3F5888003C794D /* popup.js */,
				296C423D2E3F5888003C794D /* popup.js.map */,
				296C423E2E3F5888003C794D /* background.js */,
				296C423F2E3F5888003C794D /* scrapboxUserScript.js.map */,
				296C42402E3F5888003C794D /* popup.html */,
				296C42412E3F5888003C794D /* annotation.js */,
				296C42422E3F5888003C794D /* options.js */,
				296C42432E3F5888003C794D /* scrapboxContent.js.map */,
				296C42442E3F5888003C794D /* options.js.map */,
				296C42452E3F5888003C794D /* content.js.map */,
				296C42462E3F5888003C794D /* anno-1024.png */,
				296C42472E3F5888003C794D /* manifest.json */,
				296C42482E3F5888003C794D /* scrapboxContent.js */,
				296C42492E3F5888003C794D /* options.html */,
				296C424A2E3F5888003C794D /* content.js */,
				296C424B2E3F5888003C794D /* background.js.map */,
				296C424C2E3F5888003C794D /* scrapboxUserScript.js */,
				296C424D2E3F5888003C794D /* anno.png */,
				296C424E2E3F5888003C794D /* annotation.js.map */,
				296C424F2E3F5888003C794D /* anno-512.png */,
				296C42502E3F5888003C794D /* annotation.html */,
			);
			name = Resources;
			path = "Shared (Extension)";
			sourceTree = SOURCE_ROOT;
		};
/* End PBXGroup section */

/* Begin PBXNativeTarget section */
		296C41EA2E3F5888003C794D /* anno (iOS) */ = {
			isa = PBXNativeTarget;
			buildConfigurationList = 296C422F2E3F5888003C794D /* Build configuration list for PBXNativeTarget "anno (iOS)" */;
			buildPhases = (
				296C41E72E3F5888003C794D /* Sources */,
				296C41E82E3F5888003C794D /* Frameworks */,
				296C41E92E3F5888003C794D /* Resources */,
				296C422E2E3F5888003C794D /* Embed Foundation Extensions */,
			);
			buildRules = (
			);
			dependencies = (
				296C420D2E3F5888003C794D /* PBXTargetDependency */,
			);
			name = "anno (iOS)";
			packageProductDependencies = (
			);
			productName = "anno (iOS)";
			productReference = 296C41EB2E3F5888003C794D /* anno.app */;
			productType = "com.apple.product-type.application";
		};
		296C41FC2E3F5888003C794D /* anno (macOS) */ = {
			isa = PBXNativeTarget;
			buildConfigurationList = 296C42362E3F5888003C794D /* Build configuration list for PBXNativeTarget "anno (macOS)" */;
			buildPhases = (
				296C41F92E3F5888003C794D /* Sources */,
				296C41FA2E3F5888003C794D /* Frameworks */,
				296C41FB2E3F5888003C794D /* Resources */,
				296C42352E3F5888003C794D /* Embed Foundation Extensions */,
			);
			buildRules = (
			);
			dependencies = (
				296C42172E3F5888003C794D /* PBXTargetDependency */,
			);
			name = "anno (macOS)";
			packageProductDependencies = (
			);
			productName = "anno (macOS)";
			productReference = 296C41FD2E3F5888003C794D /* anno.app */;
			productType = "com.apple.product-type.application";
		};
		296C42092E3F5888003C794D /* anno Extension (iOS) */ = {
			isa = PBXNativeTarget;
			buildConfigurationList = 296C422B2E3F5888003C794D /* Build configuration list for PBXNativeTarget "anno Extension (iOS)" */;
			buildPhases = (
				296C42062E3F5888003C794D /* Sources */,
				296C42072E3F5888003C794D /* Frameworks */,
				296C42082E3F5888003C794D /* Resources */,
			);
			buildRules = (
			);
			dependencies = (
			);
			name = "anno Extension (iOS)";
			packageProductDependencies = (
			);
			productName = "anno Extension (iOS)";
			productReference = 296C420A2E3F5888003C794D /* anno Extension.appex */;
			productType = "com.apple.product-type.app-extension";
		};
		296C42132E3F5888003C794D /* anno Extension (macOS) */ = {
			isa = PBXNativeTarget;
			buildConfigurationList = 296C42322E3F5888003C794D /* Build configuration list for PBXNativeTarget "anno Extension (macOS)" */;
			buildPhases = (
				296C42102E3F5888003C794D /* Sources */,
				296C42112E3F5888003C794D /* Frameworks */,
				296C42122E3F5888003C794D /* Resources */,
			);
			buildRules = (
			);
			dependencies = (
			);
			name = "anno Extension (macOS)";
			packageProductDependencies = (
			);
			productName = "anno Extension (macOS)";
			productReference = 296C42142E3F5888003C794D /* anno Extension.appex */;
			productType = "com.apple.product-type.app-extension";
		};
/* End PBXNativeTarget section */

/* Begin PBXProject section */
		296C41D82E3F5887003C794D /* Project object */ = {
			isa = PBXProject;
			attributes = {
				BuildIndependentTargetsInParallel = 1;
				LastSwiftUpdateCheck = 1610;
				LastUpgradeCheck = 1610;
				TargetAttributes = {
					296C41EA2E3F5888003C794D = {
						CreatedOnToolsVersion = 16.1;
					};
					296C41FC2E3F5888003C794D = {
						CreatedOnToolsVersion = 16.1;
					};
					296C42092E3F5888003C794D = {
						CreatedOnToolsVersion = 16.1;
					};
					296C42132E3F5888003C794D = {
						CreatedOnToolsVersion = 16.1;
					};
				};
			};
			buildConfigurationList = 296C41DB2E3F5887003C794D /* Build configuration list for PBXProject "anno" */;
			developmentRegion = en;
			hasScannedForEncodings = 0;
			knownRegions = (
				en,
				Base,
			);
			mainGroup = 296C41D72E3F5887003C794D;
			minimizedProjectReferenceProxies = 1;
			preferredProjectObjectVersion = 77;
			productRefGroup = 296C41EC2E3F5888003C794D /* Products */;
			projectDirPath = "";
			projectRoot = "";
			targets = (
				296C41EA2E3F5888003C794D /* anno (iOS) */,
				296C41FC2E3F5888003C794D /* anno (macOS) */,
				296C42092E3F5888003C794D /* anno Extension (iOS) */,
				296C42132E3F5888003C794D /* anno Extension (macOS) */,
			);
		};
/* End PBXProject section */

/* Begin PBXResourcesBuildPhase section */
		296C41E92E3F5888003C794D /* Resources */ = {
			isa = PBXResourcesBuildPhase;
			buildActionMask = 2147483647;
			files = (
				296C421D2E3F5888003C794D /* Icon.png in Resources */,
				296C41F42E3F5888003C794D /* LaunchScreen.storyboard in Resources */,
				296C421B2E3F5888003C794D /* Main.html in Resources */,
				296C42212E3F5888003C794D /* Script.js in Resources */,
				296C42252E3F5888003C794D /* Assets.xcassets in Resources */,
				296C41F72E3F5888003C794D /* Main.storyboard in Resources */,
				296C421F2E3F5888003C794D /* Style.css in Resources */,
			);
			runOnlyForDeploymentPostprocessing = 0;
		};
		296C41FB2E3F5888003C794D /* Resources */ = {
			isa = PBXResourcesBuildPhase;
			buildActionMask = 2147483647;
			files = (
				296C421E2E3F5888003C794D /* Icon.png in Resources */,
				296C42202E3F5888003C794D /* Style.css in Resources */,
				296C42032E3F5888003C794D /* Main.storyboard in Resources */,
				296C42222E3F5888003C794D /* Script.js in Resources */,
				296C42262E3F5888003C794D /* Assets.xcassets in Resources */,
				296C421C2E3F5888003C794D /* Main.html in Resources */,
			);
			runOnlyForDeploymentPostprocessing = 0;
		};
		296C42082E3F5888003C794D /* Resources */ = {
			isa = PBXResourcesBuildPhase;
			buildActionMask = 2147483647;
			files = (
				296C42602E3F5888003C794D /* gyanno.js in Resources */,
				296C426A2E3F5888003C794D /* content.js in Resources */,
				296C42662E3F5888003C794D /* anno-1024.png in Resources */,
				296C42652E3F5888003C794D /* options.js in Resources */,
				296C42632E3F5888003C794D /* popup.html in Resources */,
				296C42672E3F5888003C794D /* manifest.json in Resources */,
				296C42642E3F5888003C794D /* annotation.js in Resources */,
				296C426E2E3F5888003C794D /* annotation.html in Resources */,
				296C42622E3F5888003C794D /* background.js in Resources */,
				296C426D2E3F5888003C794D /* anno-512.png in Resources */,
				296C42692E3F5888003C794D /* options.html in Resources */,
				296C426C2E3F5888003C794D /* anno.png in Resources */,
				296C42682E3F5888003C794D /* scrapboxContent.js in Resources */,
				296C426B2E3F5888003C794D /* scrapboxUserScript.js in Resources */,
				296C42612E3F5888003C794D /* popup.js in Resources */,
			);
			runOnlyForDeploymentPostprocessing = 0;
		};
		296C42122E3F5888003C794D /* Resources */ = {
			isa = PBXResourcesBuildPhase;
			buildActionMask = 2147483647;
			files = (
				296C42512E3F5888003C794D /* gyanno.js in Resources */,
				296C425B2E3F5888003C794D /* content.js in Resources */,
				296C42572E3F5888003C794D /* anno-1024.png in Resources */,
				296C42562E3F5888003C794D /* options.js in Resources */,
				296C42542E3F5888003C794D /* popup.html in Resources */,
				296C42582E3F5888003C794D /* manifest.json in Resources */,
				296C42552E3F5888003C794D /* annotation.js in Resources */,
				296C425F2E3F5888003C794D /* annotation.html in Resources */,
				296C42532E3F5888003C794D /* background.js in Resources */,
				296C425E2E3F5888003C794D /* anno-512.png in Resources */,
				296C425A2E3F5888003C794D /* options.html in Resources */,
				296C425D2E3F5888003C794D /* anno.png in Resources */,
				296C42592E3F5888003C794D /* scrapboxContent.js in Resources */,
				296C425C2E3F5888003C794D /* scrapboxUserScript.js in Resources */,
				296C42522E3F5888003C794D /* popup.js in Resources */,
			);
			runOnlyForDeploymentPostprocessing = 0;
		};
/* End PBXResourcesBuildPhase section */

/* Begin PBXSourcesBuildPhase section */
		296C41E72E3F5888003C794D /* Sources */ = {
			isa = PBXSourcesBuildPhase;
			buildActionMask = 2147483647;
			files = (
				296C42232E3F5888003C794D /* ViewController.swift in Sources */,
				296C41EF2E3F5888003C794D /* AppDelegate.swift in Sources */,
				296C41F12E3F5888003C794D /* SceneDelegate.swift in Sources */,
			);
			runOnlyForDeploymentPostprocessing = 0;
		};
		296C41F92E3F5888003C794D /* Sources */ = {
			isa = PBXSourcesBuildPhase;
			buildActionMask = 2147483647;
			files = (
				296C42242E3F5888003C794D /* ViewController.swift in Sources */,
				296C42002E3F5888003C794D /* AppDelegate.swift in Sources */,
			);
			runOnlyForDeploymentPostprocessing = 0;
		};
		296C42062E3F5888003C794D /* Sources */ = {
			isa = PBXSourcesBuildPhase;
			buildActionMask = 2147483647;
			files = (
				296C42272E3F5888003C794D /* SafariWebExtensionHandler.swift in Sources */,
			);
			runOnlyForDeploymentPostprocessing = 0;
		};
		296C42102E3F5888003C794D /* Sources */ = {
			isa = PBXSourcesBuildPhase;
			buildActionMask = 2147483647;
			files = (
				296C42282E3F5888003C794D /* SafariWebExtensionHandler.swift in Sources */,
			);
			runOnlyForDeploymentPostprocessing = 0;
		};
/* End PBXSourcesBuildPhase section */

/* Begin PBXTargetDependency section */
		296C420D2E3F5888003C794D /* PBXTargetDependency */ = {
			isa = PBXTargetDependency;
			target = 296C42092E3F5888003C794D /* anno Extension (iOS) */;
			targetProxy = 296C420C2E3F5888003C794D /* PBXContainerItemProxy */;
		};
		296C42172E3F5888003C794D /* PBXTargetDependency */ = {
			isa = PBXTargetDependency;
			target = 296C42132E3F5888003C794D /* anno Extension (macOS) */;
			targetProxy = 296C42162E3F5888003C794D /* PBXContainerItemProxy */;
		};
/* End PBXTargetDependency section */

/* Begin PBXVariantGroup section */
		296C41DE2E3F5887003C794D /* Main.html */ = {
			isa = PBXVariantGroup;
			children = (
				296C41DF2E3F5887003C794D /* Base */,
			);
			name = Main.html;
			sourceTree = "<group>";
		};
		296C41F22E3F5888003C794D /* LaunchScreen.storyboard */ = {
			isa = PBXVariantGroup;
			children = (
				296C41F32E3F5888003C794D /* Base */,
			);
			name = LaunchScreen.storyboard;
			sourceTree = "<group>";
		};
		296C41F52E3F5888003C794D /* Main.storyboard */ = {
			isa = PBXVariantGroup;
			children = (
				296C41F62E3F5888003C794D /* Base */,
			);
			name = Main.storyboard;
			sourceTree = "<group>";
		};
		296C42012E3F5888003C794D /* Main.storyboard */ = {
			isa = PBXVariantGroup;
			children = (
				296C42022E3F5888003C794D /* Base */,
			);
			name = Main.storyboard;
			sourceTree = "<group>";
		};
/* End PBXVariantGroup section */

/* Begin XCBuildConfiguration section */
		296C42292E3F5888003C794D /* Debug */ = {
			isa = XCBuildConfiguration;
			buildSettings = {
				ALWAYS_SEARCH_USER_PATHS = NO;
				ASSETCATALOG_COMPILER_GENERATE_SWIFT_ASSET_SYMBOL_EXTENSIONS = YES;
				CLANG_ANALYZER_NONNULL = YES;
				CLANG_ANALYZER_NUMBER_OBJECT_CONVERSION = YES_AGGRESSIVE;
				CLANG_CXX_LANGUAGE_STANDARD = "gnu++20";
				CLANG_ENABLE_MODULES = YES;
				CLANG_ENABLE_OBJC_ARC = YES;
				CLANG_ENABLE_OBJC_WEAK = YES;
				CLANG_WARN_BLOCK_CAPTURE_AUTORELEASING = YES;
				CLANG_WARN_BOOL_CONVERSION = YES;
				CLANG_WARN_COMMA = YES;
				CLANG_WARN_CONSTANT_CONVERSION = YES;
				CLANG_WARN_DEPRECATED_OBJC_IMPLEMENTATIONS = YES;
				CLANG_WARN_DIRECT_OBJC_ISA_USAGE = YES_ERROR;
				CLANG_WARN_DOCUMENTATION_COMMENTS = YES;
				CLANG_WARN_EMPTY_BODY = YES;
				CLANG_WARN_ENUM_CONVERSION = YES;
				CLANG_WARN_INFINITE_RECURSION = YES;
				CLANG_WARN_INT_CONVERSION = YES;
				CLANG_WARN_NON_LITERAL_NULL_CONVERSION = YES;
				CLANG_WARN_OBJC_IMPLICIT_RETAIN_SELF = YES;
				CLANG_WARN_OBJC_LITERAL_CONVERSION = YES;
				CLANG_WARN_OBJC_ROOT_CLASS = YES_ERROR;
				CLANG_WARN_QUOTED_INCLUDE_IN_FRAMEWORK_HEADER = YES;
				CLANG_WARN_RANGE_LOOP_ANALYSIS = YES;
				CLANG_WARN_STRICT_PROTOTYPES = YES;
				CLANG_WARN_SUSPICIOUS_MOVE = YES;
				CLANG_WARN_UNGUARDED_AVAILABILITY = YES_AGGRESSIVE;
				CLANG_WARN_UNREACHABLE_CODE = YES;
				CLANG_WARN__DUPLICATE_METHOD_MATCH = YES;
				COPY_PHASE_STRIP = NO;
				DEBUG_INFORMATION_FORMAT = dwarf;
				ENABLE_STRICT_OBJC_MSGSEND = YES;
				ENABLE_TESTABILITY = YES;
				ENABLE_USER_SCRIPT_SANDBOXING = YES;
				GCC_C_LANGUAGE_STANDARD = gnu17;
				GCC_DYNAMIC_NO_PIC = NO;
				GCC_NO_COMMON_BLOCKS = YES;
				GCC_OPTIMIZATION_LEVEL = 0;
				GCC_PREPROCESSOR_DEFINITIONS = (
					"DEBUG=1",
					"$(inherited)",
				);
				GCC_WARN_64_TO_32_BIT_CONVERSION = YES;
				GCC_WARN_ABOUT_RETURN_TYPE = YES_ERROR;
				GCC_WARN_UNDECLARED_SELECTOR = YES;
				GCC_WARN_UNINITIALIZED_AUTOS = YES_AGGRESSIVE;
				GCC_WARN_UNUSED_FUNCTION = YES;
				GCC_WARN_UNUSED_VARIABLE = YES;
				LOCALIZATION_PREFERS_STRING_CATALOGS = YES;
				MTL_ENABLE_DEBUG_INFO = INCLUDE_SOURCE;
				MTL_FAST_MATH = YES;
				ONLY_ACTIVE_ARCH = YES;
				SWIFT_ACTIVE_COMPILATION_CONDITIONS = "DEBUG $(inherited)";
				SWIFT_OPTIMIZATION_LEVEL = "-Onone";
			};
			name = Debug;
		};
		296C422A2E3F5888003C794D /* Release */ = {
			isa = XCBuildConfiguration;
			buildSettings = {
				ALWAYS_SEARCH_USER_PATHS = NO;
				ASSETCATALOG_COMPILER_GENERATE_SWIFT_ASSET_SYMBOL_EXTENSIONS = YES;
				CLANG_ANALYZER_NONNULL = YES;
				CLANG_ANALYZER_NUMBER_OBJECT_CONVERSION = YES_AGGRESSIVE;
				CLANG_CXX_LANGUAGE_STANDARD = "gnu++20";
				CLANG_ENABLE_MODULES = YES;
				CLANG_ENABLE_OBJC_ARC = YES;
				CLANG_ENABLE_OBJC_WEAK = YES;
				CLANG_WARN_BLOCK_CAPTURE_AUTORELEASING = YES;
				CLANG_WARN_BOOL_CONVERSION = YES;
				CLANG_WARN_COMMA = YES;
				CLANG_WARN_CONSTANT_CONVERSION = YES;
				CLANG_WARN_DEPRECATED_OBJC_IMPLEMENTATIONS = YES;
				CLANG_WARN_DIRECT_OBJC_ISA_USAGE = YES_ERROR;
				CLANG_WARN_DOCUMENTATION_COMMENTS = YES;
				CLANG_WARN_EMPTY_BODY = YES;
				CLANG_WARN_ENUM_CONVERSION = YES;
				CLANG_WARN_INFINITE_RECURSION = YES;
				CLANG_WARN_INT_CONVERSION = YES;
				CLANG_WARN_NON_LITERAL_NULL_CONVERSION = YES;
				CLANG_WARN_OBJC_IMPLICIT_RETAIN_SELF = YES;
				CLANG_WARN_OBJC_LITERAL_CONVERSION = YES;
				CLANG_WARN_OBJC_ROOT_CLASS = YES_ERROR;
				CLANG_WARN_QUOTED_INCLUDE_IN_FRAMEWORK_HEADER = YES;
				CLANG_WARN_RANGE_LOOP_ANALYSIS = YES;
				CLANG_WARN_STRICT_PROTOTYPES = YES;
				CLANG_WARN_SUSPICIOUS_MOVE = YES;
				CLANG_WARN_UNGUARDED_AVAILABILITY = YES_AGGRESSIVE;
				CLANG_WARN_UNREACHABLE_CODE = YES;
				CLANG_WARN__DUPLICATE_METHOD_MATCH = YES;
				COPY_PHASE_STRIP = NO;
				DEBUG_INFORMATION_FORMAT = "dwarf-with-dsym";
				ENABLE_NS_ASSERTIONS = NO;
				ENABLE_STRICT_OBJC_MSGSEND = YES;
				ENABLE_USER_SCRIPT_SANDBOXING = YES;
				GCC_C_LANGUAGE_STANDARD = gnu17;
				GCC_NO_COMMON_BLOCKS = YES;
				GCC_WARN_64_TO_32_BIT_CONVERSION = YES;
				GCC_WARN_ABOUT_RETURN_TYPE = YES_ERROR;
				GCC_WARN_UNDECLARED_SELECTOR = YES;
				GCC_WARN_UNINITIALIZED_AUTOS = YES_AGGRESSIVE;
				GCC_WARN_UNUSED_FUNCTION = YES;
				GCC_WARN_UNUSED_VARIABLE = YES;
				LOCALIZATION_PREFERS_STRING_CATALOGS = YES;
				MTL_ENABLE_DEBUG_INFO = NO;
				MTL_FAST_MATH = YES;
				SWIFT_COMPILATION_MODE = wholemodule;
			};
			name = Release;
		};
		296C422C2E3F5888003C794D /* Debug */ = {
			isa = XCBuildConfiguration;
			buildSettings = {
				CODE_SIGN_STYLE = Automatic;
				CURRENT_PROJECT_VERSION = 1;
				DEVELOPMENT_TEAM = BXTK73VQ5E;
				GENERATE_INFOPLIST_FILE = YES;
				INFOPLIST_FILE = "iOS (Extension)/Info.plist";
				INFOPLIST_KEY_CFBundleDisplayName = "anno Extension";
				INFOPLIST_KEY_NSHumanReadableCopyright = "";
				IPHONEOS_DEPLOYMENT_TARGET = 15.0;
				LD_RUNPATH_SEARCH_PATHS = (
					"$(inherited)",
					"@executable_path/Frameworks",
					"@executable_path/../../Frameworks",
				);
				MARKETING_VERSION = 1.0;
				OTHER_LDFLAGS = (
					"-framework",
					SafariServices,
				);
				PRODUCT_BUNDLE_IDENTIFIER = jp.anno.anno.Extension;
				PRODUCT_NAME = "anno Extension";
				SDKROOT = iphoneos;
				SKIP_INSTALL = YES;
				SWIFT_EMIT_LOC_STRINGS = YES;
				SWIFT_VERSION = 5.0;
				TARGETED_DEVICE_FAMILY = "1,2";
			};
			name = Debug;
		};
		296C422D2E3F5888003C794D /* Release */ = {
			isa = XCBuildConfiguration;
			buildSettings = {
				CODE_SIGN_STYLE = Automatic;
				CURRENT_PROJECT_VERSION = 1;
				DEVELOPMENT_TEAM = BXTK73VQ5E;
				GENERATE_INFOPLIST_FILE = YES;
				INFOPLIST_FILE = "iOS (Extension)/Info.plist";
				INFOPLIST_KEY_CFBundleDisplayName = "anno Extension";
				INFOPLIST_KEY_NSHumanReadableCopyright = "";
				IPHONEOS_DEPLOYMENT_TARGET = 15.0;
				LD_RUNPATH_SEARCH_PATHS = (
					"$(inherited)",
					"@executable_path/Frameworks",
					"@executable_path/../../Frameworks",
				);
				MARKETING_VERSION = 1.0;
				OTHER_LDFLAGS = (
					"-framework",
					SafariServices,
				);
				PRODUCT_BUNDLE_IDENTIFIER = jp.anno.anno.Extension;
				PRODUCT_NAME = "anno Extension";
				SDKROOT = iphoneos;
				SKIP_INSTALL = YES;
				SWIFT_EMIT_LOC_STRINGS = YES;
				SWIFT_VERSION = 5.0;
				TARGETED_DEVICE_FAMILY = "1,2";
				VALIDATE_PRODUCT = YES;
			};
			name = Release;
		};
		296C42302E3F5888003C794D /* Debug */ = {
			isa = XCBuildConfiguration;
			buildSettings = {
				ASSETCATALOG_COMPILER_APPICON_NAME = AppIcon;
				ASSETCATALOG_COMPILER_GLOBAL_ACCENT_COLOR_NAME = AccentColor;
				CODE_SIGN_STYLE = Automatic;
				CURRENT_PROJECT_VERSION = 1;
				DEVELOPMENT_TEAM = BXTK73VQ5E;
				GENERATE_INFOPLIST_FILE = YES;
				INFOPLIST_FILE = "iOS (App)/Info.plist";
				INFOPLIST_KEY_CFBundleDisplayName = anno;
				INFOPLIST_KEY_UIApplicationSupportsIndirectInputEvents = YES;
				INFOPLIST_KEY_UILaunchStoryboardName = LaunchScreen;
				INFOPLIST_KEY_UIMainStoryboardFile = Main;
				INFOPLIST_KEY_UISupportedInterfaceOrientations = "UIInterfaceOrientationPortrait UIInterfaceOrientationLandscapeLeft UIInterfaceOrientationLandscapeRight";
				INFOPLIST_KEY_UISupportedInterfaceOrientations_iPad = "UIInterfaceOrientationPortrait UIInterfaceOrientationPortraitUpsideDown UIInterfaceOrientationLandscapeLeft UIInterfaceOrientationLandscapeRight";
				IPHONEOS_DEPLOYMENT_TARGET = 15.0;
				LD_RUNPATH_SEARCH_PATHS = (
					"$(inherited)",
					"@executable_path/Frameworks",
				);
				MARKETING_VERSION = 1.0;
				OTHER_LDFLAGS = (
					"-framework",
					SafariServices,
					"-framework",
					WebKit,
				);
				PRODUCT_BUNDLE_IDENTIFIER = jp.anno.anno;
				PRODUCT_NAME = anno;
				SDKROOT = iphoneos;
				SWIFT_EMIT_LOC_STRINGS = YES;
				SWIFT_VERSION = 5.0;
				TARGETED_DEVICE_FAMILY = "1,2";
			};
			name = Debug;
		};
		296C42312E3F5888003C794D /* Release */ = {
			isa = XCBuildConfiguration;
			buildSettings = {
				ASSETCATALOG_COMPILER_APPICON_NAME = AppIcon;
				ASSETCATALOG_COMPILER_GLOBAL_ACCENT_COLOR_NAME = AccentColor;
				CODE_SIGN_STYLE = Automatic;
				CURRENT_PROJECT_VERSION = 1;
				DEVELOPMENT_TEAM = BXTK73VQ5E;
				GENERATE_INFOPLIST_FILE = YES;
				INFOPLIST_FILE = "iOS (App)/Info.plist";
				INFOPLIST_KEY_CFBundleDisplayName = anno;
				INFOPLIST_KEY_UIApplicationSupportsIndirectInputEvents = YES;
				INFOPLIST_KEY_UILaunchStoryboardName = LaunchScreen;
				INFOPLIST_KEY_UIMainStoryboardFile = Main;
				INFOPLIST_KEY_UISupportedInterfaceOrientations = "UIInterfaceOrientationPortrait UIInterfaceOrientationLandscapeLeft UIInterfaceOrientationLandscapeRight";
				INFOPLIST_KEY_UISupportedInterfaceOrientations_iPad = "UIInterfaceOrientationPortrait UIInterfaceOrientationPortraitUpsideDown UIInterfaceOrientationLandscapeLeft UIInterfaceOrientationLandscapeRight";
				IPHONEOS_DEPLOYMENT_TARGET = 15.0;
				LD_RUNPATH_SEARCH_PATHS = (
					"$(inherited)",
					"@executable_path/Frameworks",
				);
				MARKETING_VERSION = 1.0;
				OTHER_LDFLAGS = (
					"-framework",
					SafariServices,
					"-framework",
					WebKit,
				);
				PRODUCT_BUNDLE_IDENTIFIER = jp.anno.anno;
				PRODUCT_NAME = anno;
				SDKROOT = iphoneos;
				SWIFT_EMIT_LOC_STRINGS = YES;
				SWIFT_VERSION = 5.0;
				TARGETED_DEVICE_FAMILY = "1,2";
				VALIDATE_PRODUCT = YES;
			};
			name = Release;
		};
		296C42332E3F5888003C794D /* Debug */ = {
			isa = XCBuildConfiguration;
			buildSettings = {
				CODE_SIGN_ENTITLEMENTS = "macOS (Extension)/anno.entitlements";
				CODE_SIGN_STYLE = Automatic;
				CURRENT_PROJECT_VERSION = 1;
				DEVELOPMENT_TEAM = BXTK73VQ5E;
				ENABLE_HARDENED_RUNTIME = YES;
				GENERATE_INFOPLIST_FILE = YES;
				INFOPLIST_FILE = "macOS (Extension)/Info.plist";
				INFOPLIST_KEY_CFBundleDisplayName = "anno Extension";
				INFOPLIST_KEY_NSHumanReadableCopyright = "";
				LD_RUNPATH_SEARCH_PATHS = (
					"$(inherited)",
					"@executable_path/../Frameworks",
					"@executable_path/../../../../Frameworks",
				);
				MACOSX_DEPLOYMENT_TARGET = 10.14;
				MARKETING_VERSION = 1.0;
				OTHER_LDFLAGS = (
					"-framework",
					SafariServices,
				);
				PRODUCT_BUNDLE_IDENTIFIER = jp.anno.anno.Extension;
				PRODUCT_NAME = "anno Extension";
				SDKROOT = macosx;
				SKIP_INSTALL = YES;
				SWIFT_EMIT_LOC_STRINGS = YES;
				SWIFT_VERSION = 5.0;
			};
			name = Debug;
		};
		296C42342E3F5888003C794D /* Release */ = {
			isa = XCBuildConfiguration;
			buildSettings = {
				CODE_SIGN_ENTITLEMENTS = "macOS (Extension)/anno.entitlements";
				CODE_SIGN_STYLE = Automatic;
				CURRENT_PROJECT_VERSION = 1;
				DEVELOPMENT_TEAM = BXTK73VQ5E;
				ENABLE_HARDENED_RUNTIME = YES;
				GENERATE_INFOPLIST_FILE = YES;
				INFOPLIST_FILE = "macOS (Extension)/Info.plist";
				INFOPLIST_KEY_CFBundleDisplayName = "anno Extension";
				INFOPLIST_KEY_NSHumanReadableCopyright = "";
				LD_RUNPATH_SEARCH_PATHS = (
					"$(inherited)",
					"@executable_path/../Frameworks",
					"@executable_path/../../../../Frameworks",
				);
				MACOSX_DEPLOYMENT_TARGET = 10.14;
				MARKETING_VERSION = 1.0;
				OTHER_LDFLAGS = (
					"-framework",
					SafariServices,
				);
				PRODUCT_BUNDLE_IDENTIFIER = jp.anno.anno.Extension;
				PRODUCT_NAME = "anno Extension";
				SDKROOT = macosx;
				SKIP_INSTALL = YES;
				SWIFT_EMIT_LOC_STRINGS = YES;
				SWIFT_VERSION = 5.0;
			};
			name = Release;
		};
		296C42372E3F5888003C794D /* Debug */ = {
			isa = XCBuildConfiguration;
			buildSettings = {
				ASSETCATALOG_COMPILER_APPICON_NAME = AppIcon;
				ASSETCATALOG_COMPILER_GLOBAL_ACCENT_COLOR_NAME = AccentColor;
				CODE_SIGN_ENTITLEMENTS = "macOS (App)/anno.entitlements";
				CODE_SIGN_STYLE = Automatic;
				CURRENT_PROJECT_VERSION = 1;
				DEVELOPMENT_TEAM = BXTK73VQ5E;
				ENABLE_HARDENED_RUNTIME = YES;
				GENERATE_INFOPLIST_FILE = YES;
				INFOPLIST_FILE = "macOS (App)/Info.plist";
				INFOPLIST_KEY_CFBundleDisplayName = anno;
				INFOPLIST_KEY_NSMainStoryboardFile = Main;
				INFOPLIST_KEY_NSPrincipalClass = NSApplication;
				LD_RUNPATH_SEARCH_PATHS = (
					"$(inherited)",
					"@executable_path/../Frameworks",
				);
				MACOSX_DEPLOYMENT_TARGET = 10.14;
				MARKETING_VERSION = 1.0;
				OTHER_LDFLAGS = (
					"-framework",
					SafariServices,
					"-framework",
					WebKit,
				);
				PRODUCT_BUNDLE_IDENTIFIER = jp.anno.anno;
				PRODUCT_NAME = anno;
				SDKROOT = macosx;
				SWIFT_EMIT_LOC_STRINGS = YES;
				SWIFT_VERSION = 5.0;
			};
			name = Debug;
		};
		296C42382E3F5888003C794D /* Release */ = {
			isa = XCBuildConfiguration;
			buildSettings = {
				ASSETCATALOG_COMPILER_APPICON_NAME = AppIcon;
				ASSETCATALOG_COMPILER_GLOBAL_ACCENT_COLOR_NAME = AccentColor;
				CODE_SIGN_ENTITLEMENTS = "macOS (App)/anno.entitlements";
				CODE_SIGN_STYLE = Automatic;
				CURRENT_PROJECT_VERSION = 1;
				DEVELOPMENT_TEAM = BXTK73VQ5E;
				ENABLE_HARDENED_RUNTIME = YES;
				GENERATE_INFOPLIST_FILE = YES;
				INFOPLIST_FILE = "macOS (App)/Info.plist";
				INFOPLIST_KEY_CFBundleDisplayName = anno;
				INFOPLIST_KEY_NSMainStoryboardFile = Main;
				INFOPLIST_KEY_NSPrincipalClass = NSApplication;
				LD_RUNPATH_SEARCH_PATHS = (
					"$(inherited)",
					"@executable_path/../Frameworks",
				);
				MACOSX_DEPLOYMENT_TARGET = 10.14;
				MARKETING_VERSION = 1.0;
				OTHER_LDFLAGS = (
					"-framework",
					SafariServices,
					"-framework",
					WebKit,
				);
				PRODUCT_BUNDLE_IDENTIFIER = jp.anno.anno;
				PRODUCT_NAME = anno;
				SDKROOT = macosx;
				SWIFT_EMIT_LOC_STRINGS = YES;
				SWIFT_VERSION = 5.0;
			};
			name = Release;
		};
/* End XCBuildConfiguration section */

/* Begin XCConfigurationList section */
		296C41DB2E3F5887003C794D /* Build configuration list for PBXProject "anno" */ = {
			isa = XCConfigurationList;
			buildConfigurations = (
				296C42292E3F5888003C794D /* Debug */,
				296C422A2E3F5888003C794D /* Release */,
			);
			defaultConfigurationIsVisible = 0;
			defaultConfigurationName = Release;
		};
		296C422B2E3F5888003C794D /* Build configuration list for PBXNativeTarget "anno Extension (iOS)" */ = {
			isa = XCConfigurationList;
			buildConfigurations = (
				296C422C2E3F5888003C794D /* Debug */,
				296C422D2E3F5888003C794D /* Release */,
			);
			defaultConfigurationIsVisible = 0;
			defaultConfigurationName = Release;
		};
		296C422F2E3F5888003C794D /* Build configuration list for PBXNativeTarget "anno (iOS)" */ = {
			isa = XCConfigurationList;
			buildConfigurations = (
				296C42302E3F5888003C794D /* Debug */,
				296C42312E3F5888003C794D /* Release */,
			);
			defaultConfigurationIsVisible = 0;
			defaultConfigurationName = Release;
		};
		296C42322E3F5888003C794D /* Build configuration list for PBXNativeTarget "anno Extension (macOS)" */ = {
			isa = XCConfigurationList;
			buildConfigurations = (
				296C42332E3F5888003C794D /* Debug */,
				296C42342E3F5888003C794D /* Release */,
			);
			defaultConfigurationIsVisible = 0;
			defaultConfigurationName = Release;
		};
		296C42362E3F5888003C794D /* Build configuration list for PBXNativeTarget "anno (macOS)" */ = {
			isa = XCConfigurationList;
			buildConfigurations = (
				296C42372E3F5888003C794D /* Debug */,
				296C42382E3F5888003C794D /* Release */,
			);
			defaultConfigurationIsVisible = 0;
			defaultConfigurationName = Release;
		};
/* End XCConfigurationList section */
	};
	rootObject = 296C41D82E3F5887003C794D /* Project object */;
}
